
Microsoft Visual Studio Solution File, Format Version 12.00
# Visual Studio Version 16
VisualStudioVersion = 16.0.29230.47
MinimumVisualStudioVersion = 10.0.40219.1
Project("{FAE04EC0-301F-11D3-BF4B-00C04F79EFBC}") = "EjercicioPractico", "EjercicioPractico.csproj", "{1BCDCED7-DC87-46A3-B654-FCC591EFA175}"
EndProject
Project("{FAE04EC0-301F-11D3-BF4B-00C04F79EFBC}") = "EjercicioPractico.Test", "..\EjercicioPractico.Test\EjercicioPractico.Test.csproj", "{349C7AA3-34B5-417F-A916-469CE526A0A6}"
EndProject
Global
	GlobalSection(SolutionConfigurationPlatforms) = preSolution
		Debug|Any CPU = Debug|Any CPU
		Release|Any CPU = Release|Any CPU
	EndGlobalSection
	GlobalSection(ProjectConfigurationPlatforms) = postSolution
		{1BCDCED7-DC87-46A3-B654-FCC591EFA175}.Debug|Any CPU.ActiveCfg = Debug|Any CPU
		{1BCDCED7-DC87-46A3-B654-FCC591EFA175}.Debug|Any CPU.Build.0 = Debug|Any CPU
		{1BCDCED7-DC87-46A3-B654-FCC591EFA175}.Release|Any CPU.ActiveCfg = Release|Any CPU
		{1BCDCED7-DC87-46A3-B654-FCC591EFA175}.Release|Any CPU.Build.0 = Release|Any CPU
		{349C7AA3-34B5-417F-A916-469CE526A0A6}.Debug|Any CPU.ActiveCfg = Debug|Any CPU
		{349C7AA3-34B5-417F-A916-469CE526A0A6}.Debug|Any CPU.Build.0 = Debug|Any CPU
		{349C7AA3-34B5-417F-A916-469CE526A0A6}.Release|Any CPU.ActiveCfg = Release|Any CPU
		{349C7AA3-34B5-417F-A916-469CE526A0A6}.Release|Any CPU.Build.0 = Release|Any CPU
	EndGlobalSection
	GlobalSection(SolutionProperties) = preSolution
		HideSolutionNode = FALSE
	EndGlobalSection
	GlobalSection(ExtensibilityGlobals) = postSolution
		SolutionGuid = {F41E1781-3342-47DC-89BB-5EED2DCA0D1B}
	EndGlobalSection
EndGlobal
